
Microsoft Visual Studio Solution File, Format Version 12.00
# Visual Studio 15
VisualStudioVersion = 15.0.28307.1082
MinimumVisualStudioVersion = 10.0.40219.1
Project("{FAE04EC0-301F-11D3-BF4B-00C04F79EFBC}") = "WpfClient", "WpfApp1\WpfClient.csproj", "{EF929221-3FBA-4C45-A380-E5474057B4D0}"
	ProjectSection(ProjectDependencies) = postProject
		{926CCB8D-9A7B-4F60-8CBB-53C536487813} = {926CCB8D-9A7B-4F60-8CBB-53C536487813}
	EndProjectSection
EndProject
Project("{FAE04EC0-301F-11D3-BF4B-00C04F79EFBC}") = "WcfService", "WcfService\WcfService.csproj", "{926CCB8D-9A7B-4F60-8CBB-53C536487813}"
EndProject
Global
	GlobalSection(SolutionConfigurationPlatforms) = preSolution
		Debug|Any CPU = Debug|Any CPU
		Release|Any CPU = Release|Any CPU
	EndGlobalSection
	GlobalSection(ProjectConfigurationPlatforms) = postSolution
		{EF929221-3FBA-4C45-A380-E5474057B4D0}.Debug|Any CPU.ActiveCfg = Debug|Any CPU
		{EF929221-3FBA-4C45-A380-E5474057B4D0}.Debug|Any CPU.Build.0 = Debug|Any CPU
		{EF929221-3FBA-4C45-A380-E5474057B4D0}.Release|Any CPU.ActiveCfg = Release|Any CPU
		{EF929221-3FBA-4C45-A380-E5474057B4D0}.Release|Any CPU.Build.0 = Release|Any CPU
		{926CCB8D-9A7B-4F60-8CBB-53C536487813}.Debug|Any CPU.ActiveCfg = Debug|Any CPU
		{926CCB8D-9A7B-4F60-8CBB-53C536487813}.Debug|Any CPU.Build.0 = Debug|Any CPU
		{926CCB8D-9A7B-4F60-8CBB-53C536487813}.Release|Any CPU.ActiveCfg = Release|Any CPU
		{926CCB8D-9A7B-4F60-8CBB-53C536487813}.Release|Any CPU.Build.0 = Release|Any CPU
	EndGlobalSection
	GlobalSection(SolutionProperties) = preSolution
		HideSolutionNode = FALSE
	EndGlobalSection
	GlobalSection(ExtensibilityGlobals) = postSolution
		SolutionGuid = {E70540C2-1926-4191-ADB4-6E203BAC5966}
	EndGlobalSection
EndGlobal
