
Microsoft Visual Studio Solution File, Format Version 12.00
# Visual Studio 15
VisualStudioVersion = 15.0.28307.852
MinimumVisualStudioVersion = 10.0.40219.1
Project("{FAE04EC0-301F-11D3-BF4B-00C04F79EFBC}") = "Task Manager", "Task Manager\Task Manager.csproj", "{56216EB2-BC60-4C43-8973-6F914933140E}"
EndProject
Global
	GlobalSection(SolutionConfigurationPlatforms) = preSolution
		Debug|Any CPU = Debug|Any CPU
		Release|Any CPU = Release|Any CPU
	EndGlobalSection
	GlobalSection(ProjectConfigurationPlatforms) = postSolution
		{56216EB2-BC60-4C43-8973-6F914933140E}.Debug|Any CPU.ActiveCfg = Debug|Any CPU
		{56216EB2-BC60-4C43-8973-6F914933140E}.Debug|Any CPU.Build.0 = Debug|Any CPU
		{56216EB2-BC60-4C43-8973-6F914933140E}.Release|Any CPU.ActiveCfg = Release|Any CPU
		{56216EB2-BC60-4C43-8973-6F914933140E}.Release|Any CPU.Build.0 = Release|Any CPU
	EndGlobalSection
	GlobalSection(SolutionProperties) = preSolution
		HideSolutionNode = FALSE
	EndGlobalSection
	GlobalSection(ExtensibilityGlobals) = postSolution
		SolutionGuid = {DC763CC8-B7DC-457A-A71C-74C9AF954A02}
	EndGlobalSection
EndGlobal
