
Microsoft Visual Studio Solution File, Format Version 12.00
# Visual Studio 15
VisualStudioVersion = 15.0.28307.852
MinimumVisualStudioVersion = 10.0.40219.1
Project("{FAE04EC0-301F-11D3-BF4B-00C04F79EFBC}") = "Encode and  Decode", "Encode and  Decode\Encode and  Decode.csproj", "{77CC94AE-934F-4367-873A-CFF7D8E9455E}"
EndProject
Global
	GlobalSection(SolutionConfigurationPlatforms) = preSolution
		Debug|Any CPU = Debug|Any CPU
		Release|Any CPU = Release|Any CPU
	EndGlobalSection
	GlobalSection(ProjectConfigurationPlatforms) = postSolution
		{77CC94AE-934F-4367-873A-CFF7D8E9455E}.Debug|Any CPU.ActiveCfg = Debug|Any CPU
		{77CC94AE-934F-4367-873A-CFF7D8E9455E}.Debug|Any CPU.Build.0 = Debug|Any CPU
		{77CC94AE-934F-4367-873A-CFF7D8E9455E}.Release|Any CPU.ActiveCfg = Release|Any CPU
		{77CC94AE-934F-4367-873A-CFF7D8E9455E}.Release|Any CPU.Build.0 = Release|Any CPU
	EndGlobalSection
	GlobalSection(SolutionProperties) = preSolution
		HideSolutionNode = FALSE
	EndGlobalSection
	GlobalSection(ExtensibilityGlobals) = postSolution
		SolutionGuid = {8950BD33-C4D4-4884-8D11-718922E98296}
	EndGlobalSection
EndGlobal
